// !$*UTF8*$!
{
	archiveVersion = 1;
	classes = {
	};
	objectVersion = 46;
	objects = {

/* Begin PBXBuildFile section */
		9849C06F1B73ACDE006260D4 /* main.m in Sources */ = {isa = PBXBuildFile; fileRef = 9849C06E1B73ACDE006260D4 /* main.m */; };
		9849C0721B73ACDE006260D4 /* AppDelegate.m in Sources */ = {isa = PBXBuildFile; fileRef = 9849C0711B73ACDE006260D4 /* AppDelegate.m */; };
		9849C0781B73ACDE006260D4 /* Main.storyboard in Resources */ = {isa = PBXBuildFile; fileRef = 9849C0761B73ACDE006260D4 /* Main.storyboard */; };
		9849C07A1B73ACDE006260D4 /* Images.xcassets in Resources */ = {isa = PBXBuildFile; fileRef = 9849C0791B73ACDE006260D4 /* Images.xcassets */; };
		9849C07D1B73ACDE006260D4 /* LaunchScreen.xib in Resources */ = {isa = PBXBuildFile; fileRef = 9849C07B1B73ACDE006260D4 /* LaunchScreen.xib */; };
		9849C0891B73ACDE006260D4 /* realTableViewTests.m in Sources */ = {isa = PBXBuildFile; fileRef = 9849C0881B73ACDE006260D4 /* realTableViewTests.m */; };
/* End PBXBuildFile section */

/* Begin PBXContainerItemProxy section */
		9849C0831B73ACDE006260D4 /* PBXContainerItemProxy */ = {
			isa = PBXContainerItemProxy;
			containerPortal = 9849C0611B73ACDE006260D4 /* Project object */;
			proxyType = 1;
			remoteGlobalIDString = 9849C0681B73ACDE006260D4;
			remoteInfo = realTableView;
		};
/* End PBXContainerItemProxy section */

/* Begin PBXFileReference section */
		9849C0691B73ACDE006260D4 /* realTableView.app */ = {isa = PBXFileReference; explicitFileType = wrapper.application; includeInIndex = 0; path = realTableView.app; sourceTree = BUILT_PRODUCTS_DIR; };
		9849C06D1B73ACDE006260D4 /* Info.plist */ = {isa = PBXFileReference; lastKnownFileType = text.plist.xml; path = Info.plist; sourceTree = "<group>"; };
		9849C06E1B73ACDE006260D4 /* main.m */ = {isa = PBXFileReference; lastKnownFileType = sourcecode.c.objc; path = main.m; sourceTree = "<group>"; };
		9849C0701B73ACDE006260D4 /* AppDelegate.h */ = {isa = PBXFileReference; lastKnownFileType = sourcecode.c.h; path = AppDelegate.h; sourceTree = "<group>"; };
		9849C0711B73ACDE006260D4 /* AppDelegate.m */ = {isa = PBXFileReference; lastKnownFileType = sourcecode.c.objc; path = AppDelegate.m; sourceTree = "<group>"; };
		9849C0771B73ACDE006260D4 /* Base */ = {isa = PBXFileReference; lastKnownFileType = file.storyboard; name = Base; path = Base.lproj/Main.storyboard; sourceTree = "<group>"; };
		9849C0791B73ACDE006260D4 /* Images.xcassets */ = {isa = PBXFileReference; lastKnownFileType = folder.assetcatalog; path = Images.xcassets; sourceTree = "<group>"; };
		9849C07C1B73ACDE006260D4 /* Base */ = {isa = PBXFileReference; lastKnownFileType = file.xib; name = Base; path = Base.lproj/LaunchScreen.xib; sourceTree = "<group>"; };
		9849C0821B73ACDE006260D4 /* realTableViewTests.xctest */ = {isa = PBXFileReference; explicitFileType = wrapper.cfbundle; includeInIndex = 0; path = realTableViewTests.xctest; sourceTree = BUILT_PRODUCTS_DIR; };
		9849C0871B73ACDE006260D4 /* Info.plist */ = {isa = PBXFileReference; lastKnownFileType = text.plist.xml; path = Info.plist; sourceTree = "<group>"; };
		9849C0881B73ACDE006260D4 /* realTableViewTests.m */ = {isa = PBXFileReference; lastKnownFileType = sourcecode.c.objc; path = realTableViewTests.m; sourceTree = "<group>"; };
/* End PBXFileReference section */

/* Begin PBXFrameworksBuildPhase section */
		9849C0661B73ACDE006260D4 /* Frameworks */ = {
			isa = PBXFrameworksBuildPhase;
			buildActionMask = 2147483647;
			files = (
			);
			runOnlyForDeploymentPostprocessing = 0;
		};
		9849C07F1B73ACDE006260D4 /* Frameworks */ = {
			isa = PBXFrameworksBuildPhase;
			buildActionMask = 2147483647;
			files = (
			);
			runOnlyForDeploymentPostprocessing = 0;
		};
/* End PBXFrameworksBuildPhase section */

/* Begin PBXGroup section */
		9849C0601B73ACDE006260D4 = {
			isa = PBXGroup;
			children = (
				9849C06B1B73ACDE006260D4 /* realTableView */,
				9849C0851B73ACDE006260D4 /* realTableViewTests */,
				9849C06A1B73ACDE006260D4 /* Products */,
			);
			sourceTree = "<group>";
		};
		9849C06A1B73ACDE006260D4 /* Products */ = {
			isa = PBXGroup;
			children = (
				9849C0691B73ACDE006260D4 /* realTableView.app */,
				9849C0821B73ACDE006260D4 /* realTableViewTests.xctest */,
			);
			name = Products;
			sourceTree = "<group>";
		};
		9849C06B1B73ACDE006260D4 /* realTableView */ = {
			isa = PBXGroup;
			children = (
				9849C0941B73AD63006260D4 /* New Group */,
				9849C0931B73AD5B006260D4 /* View */,
				9849C0921B73AD50006260D4 /* Model */,
				9849C0701B73ACDE006260D4 /* AppDelegate.h */,
				9849C0711B73ACDE006260D4 /* AppDelegate.m */,
				9849C0761B73ACDE006260D4 /* Main.storyboard */,
				9849C07B1B73ACDE006260D4 /* LaunchScreen.xib */,
				9849C0791B73ACDE006260D4 /* Images.xcassets */,
				9849C06C1B73ACDE006260D4 /* Supporting Files */,
			);
			path = realTableView;
			sourceTree = "<group>";
		};
		9849C06C1B73ACDE006260D4 /* Supporting Files */ = {
			isa = PBXGroup;
			children = (
				9849C06D1B73ACDE006260D4 /* Info.plist */,
				9849C06E1B73ACDE006260D4 /* main.m */,
			);
			name = "Supporting Files";
			sourceTree = "<group>";
		};
		9849C0851B73ACDE006260D4 /* realTableViewTests */ = {
			isa = PBXGroup;
			children = (
				9849C0881B73ACDE006260D4 /* realTableViewTests.m */,
				9849C0861B73ACDE006260D4 /* Supporting Files */,
			);
			path = realTableViewTests;
			sourceTree = "<group>";
		};
		9849C0861B73ACDE006260D4 /* Supporting Files */ = {
			isa = PBXGroup;
			children = (
				9849C0871B73ACDE006260D4 /* Info.plist */,
			);
			name = "Supporting Files";
			sourceTree = "<group>";
		};
		9849C0921B73AD50006260D4 /* Model */ = {
			isa = PBXGroup;
			children = (
			);
			name = Model;
			sourceTree = "<group>";
		};
		9849C0931B73AD5B006260D4 /* View */ = {
			isa = PBXGroup;
			children = (
			);
			name = View;
			sourceTree = "<group>";
		};
		9849C0941B73AD63006260D4 /* New Group */ = {
			isa = PBXGroup;
			children = (
			);
			name = "New Group";
			sourceTree = "<group>";
		};
/* End PBXGroup section */

/* Begin PBXNativeTarget section */
		9849C0681B73ACDE006260D4 /* realTableView */ = {
			isa = PBXNativeTarget;
			buildConfigurationList = 9849C08C1B73ACDE006260D4 /* Build configuration list for PBXNativeTarget "realTableView" */;
			buildPhases = (
				9849C0651B73ACDE006260D4 /* Sources */,
				9849C0661B73ACDE006260D4 /* Frameworks */,
				9849C0671B73ACDE006260D4 /* Resources */,
			);
			buildRules = (
			);
			dependencies = (
			);
			name = realTableView;
			productName = realTableView;
			productReference = 9849C0691B73ACDE006260D4 /* realTableView.app */;
			productType = "com.apple.product-type.application";
		};
		9849C0811B73ACDE006260D4 /* realTableViewTests */ = {
			isa = PBXNativeTarget;
			buildConfigurationList = 9849C08F1B73ACDE006260D4 /* Build configuration list for PBXNativeTarget "realTableViewTests" */;
			buildPhases = (
				9849C07E1B73ACDE006260D4 /* Sources */,
				9849C07F1B73ACDE006260D4 /* Frameworks */,
				9849C0801B73ACDE006260D4 /* Resources */,
			);
			buildRules = (
			);
			dependencies = (
				9849C0841B73ACDE006260D4 /* PBXTargetDependency */,
			);
			name = realTableViewTests;
			productName = realTableViewTests;
			productReference = 9849C0821B73ACDE006260D4 /* realTableViewTests.xctest */;
			productType = "com.apple.product-type.bundle.unit-test";
		};
/* End PBXNativeTarget section */

/* Begin PBXProject section */
		9849C0611B73ACDE006260D4 /* Project object */ = {
			isa = PBXProject;
			attributes = {
				LastUpgradeCheck = 0640;
				ORGANIZATIONNAME = "ZIYAO YANG";
				TargetAttributes = {
					9849C0681B73ACDE006260D4 = {
						CreatedOnToolsVersion = 6.4;
					};
					9849C0811B73ACDE006260D4 = {
						CreatedOnToolsVersion = 6.4;
						TestTargetID = 9849C0681B73ACDE006260D4;
					};
				};
			};
			buildConfigurationList = 9849C0641B73ACDE006260D4 /* Build configuration list for PBXProject "realTableView" */;
			compatibilityVersion = "Xcode 3.2";
			developmentRegion = English;
			hasScannedForEncodings = 0;
			knownRegions = (
				en,
				Base,
			);
			mainGroup = 9849C0601B73ACDE006260D4;
			productRefGroup = 9849C06A1B73ACDE006260D4 /* Products */;
			projectDirPath = "";
			projectRoot = "";
			targets = (
				9849C0681B73ACDE006260D4 /* realTableView */,
				9849C0811B73ACDE006260D4 /* realTableViewTests */,
			);
		};
/* End PBXProject section */

/* Begin PBXResourcesBuildPhase section */
		9849C0671B73ACDE006260D4 /* Resources */ = {
			isa = PBXResourcesBuildPhase;
			buildActionMask = 2147483647;
			files = (
				9849C0781B73ACDE006260D4 /* Main.storyboard in Resources */,
				9849C07D1B73ACDE006260D4 /* LaunchScreen.xib in Resources */,
				9849C07A1B73ACDE006260D4 /* Images.xcassets in Resources */,
			);
			runOnlyForDeploymentPostprocessing = 0;
		};
		9849C0801B73ACDE006260D4 /* Resources */ = {
			isa = PBXResourcesBuildPhase;
			buildActionMask = 2147483647;
			files = (
			);
			runOnlyForDeploymentPostprocessing = 0;
		};
/* End PBXResourcesBuildPhase section */

/* Begin PBXSourcesBuildPhase section */
		9849C0651B73ACDE006260D4 /* Sources */ = {
			isa = PBXSourcesBuildPhase;
			buildActionMask = 2147483647;
			files = (
				9849C0721B73ACDE006260D4 /* AppDelegate.m in Sources */,
				9849C06F1B73ACDE006260D4 /* main.m in Sources */,
			);
			runOnlyForDeploymentPostprocessing = 0;
		};
		9849C07E1B73ACDE006260D4 /* Sources */ = {
			isa = PBXSourcesBuildPhase;
			buildActionMask = 2147483647;
			files = (
				9849C0891B73ACDE006260D4 /* realTableViewTests.m in Sources */,
			);
			runOnlyForDeploymentPostprocessing = 0;
		};
/* End PBXSourcesBuildPhase section */

/* Begin PBXTargetDependency section */
		9849C0841B73ACDE006260D4 /* PBXTargetDependency */ = {
			isa = PBXTargetDependency;
			target = 9849C0681B73ACDE006260D4 /* realTableView */;
			targetProxy = 9849C0831B73ACDE006260D4 /* PBXContainerItemProxy */;
		};
/* End PBXTargetDependency section */

/* Begin PBXVariantGroup section */
		9849C0761B73ACDE006260D4 /* Main.storyboard */ = {
			isa = PBXVariantGroup;
			children = (
				9849C0771B73ACDE006260D4 /* Base */,
			);
			name = Main.storyboard;
			sourceTree = "<group>";
		};
		9849C07B1B73ACDE006260D4 /* LaunchScreen.xib */ = {
			isa = PBXVariantGroup;
			children = (
				9849C07C1B73ACDE006260D4 /* Base */,
			);
			name = LaunchScreen.xib;
			sourceTree = "<group>";
		};
/* End PBXVariantGroup section */

/* Begin XCBuildConfiguration section */
		9849C08A1B73ACDE006260D4 /* Debug */ = {
			isa = XCBuildConfiguration;
			buildSettings = {
				ALWAYS_SEARCH_USER_PATHS = NO;
				CLANG_CXX_LANGUAGE_STANDARD = "gnu++0x";
				CLANG_CXX_LIBRARY = "libc++";
				CLANG_ENABLE_MODULES = YES;
				CLANG_ENABLE_OBJC_ARC = YES;
				CLANG_WARN_BOOL_CONVERSION = YES;
				CLANG_WARN_CONSTANT_CONVERSION = YES;
				CLANG_WARN_DIRECT_OBJC_ISA_USAGE = YES_ERROR;
				CLANG_WARN_EMPTY_BODY = YES;
				CLANG_WARN_ENUM_CONVERSION = YES;
				CLANG_WARN_INT_CONVERSION = YES;
				CLANG_WARN_OBJC_ROOT_CLASS = YES_ERROR;
				CLANG_WARN_UNREACHABLE_CODE = YES;
				CLANG_WARN__DUPLICATE_METHOD_MATCH = YES;
				"CODE_SIGN_IDENTITY[sdk=iphoneos*]" = "iPhone Developer";
				COPY_PHASE_STRIP = NO;
				DEBUG_INFORMATION_FORMAT = "dwarf-with-dsym";
				ENABLE_STRICT_OBJC_MSGSEND = YES;
				GCC_C_LANGUAGE_STANDARD = gnu99;
				GCC_DYNAMIC_NO_PIC = NO;
				GCC_NO_COMMON_BLOCKS = YES;
				GCC_OPTIMIZATION_LEVEL = 0;
				GCC_PREPROCESSOR_DEFINITIONS = (
					"DEBUG=1",
					"$(inherited)",
				);
				GCC_SYMBOLS_PRIVATE_EXTERN = NO;
				GCC_WARN_64_TO_32_BIT_CONVERSION = YES;
				GCC_WARN_ABOUT_RETURN_TYPE = YES_ERROR;
				GCC_WARN_UNDECLARED_SELECTOR = YES;
				GCC_WARN_UNINITIALIZED_AUTOS = YES_AGGRESSIVE;
				GCC_WARN_UNUSED_FUNCTION = YES;
				GCC_WARN_UNUSED_VARIABLE = YES;
				IPHONEOS_DEPLOYMENT_TARGET = 8.4;
				MTL_ENABLE_DEBUG_INFO = YES;
				ONLY_ACTIVE_ARCH = YES;
				SDKROOT = iphoneos;
			};
			name = Debug;
		};
		9849C08B1B73ACDE006260D4 /* Release */ = {
			isa = XCBuildConfiguration;
			buildSettings = {
				ALWAYS_SEARCH_USER_PATHS = NO;
				CLANG_CXX_LANGUAGE_STANDARD = "gnu++0x";
				CLANG_CXX_LIBRARY = "libc++";
				CLANG_ENABLE_MODULES = YES;
				CLANG_ENABLE_OBJC_ARC = YES;
				CLANG_WARN_BOOL_CONVERSION = YES;
				CLANG_WARN_CONSTANT_CONVERSION = YES;
				CLANG_WARN_DIRECT_OBJC_ISA_USAGE = YES_ERROR;
				CLANG_WARN_EMPTY_BODY = YES;
				CLANG_WARN_ENUM_CONVERSION = YES;
				CLANG_WARN_INT_CONVERSION = YES;
				CLANG_WARN_OBJC_ROOT_CLASS = YES_ERROR;
				CLANG_WARN_UNREACHABLE_CODE = YES;
				CLANG_WARN__DUPLICATE_METHOD_MATCH = YES;
				"CODE_SIGN_IDENTITY[sdk=iphoneos*]" = "iPhone Developer";
				COPY_PHASE_STRIP = NO;
				DEBUG_INFORMATION_FORMAT = "dwarf-with-dsym";
				ENABLE_NS_ASSERTIONS = NO;
				ENABLE_STRICT_OBJC_MSGSEND = YES;
				GCC_C_LANGUAGE_STANDARD = gnu99;
				GCC_NO_COMMON_BLOCKS = YES;
				GCC_WARN_64_TO_32_BIT_CONVERSION = YES;
				GCC_WARN_ABOUT_RETURN_TYPE = YES_ERROR;
				GCC_WARN_UNDECLARED_SELECTOR = YES;
				GCC_WARN_UNINITIALIZED_AUTOS = YES_AGGRESSIVE;
				GCC_WARN_UNUSED_FUNCTION = YES;
				GCC_WARN_UNUSED_VARIABLE = YES;
				IPHONEOS_DEPLOYMENT_TARGET = 8.4;
				MTL_ENABLE_DEBUG_INFO = NO;
				SDKROOT = iphoneos;
				VALIDATE_PRODUCT = YES;
			};
			name = Release;
		};
		9849C08D1B73ACDE006260D4 /* Debug */ = {
			isa = XCBuildConfiguration;
			buildSettings = {
				ASSETCATALOG_COMPILER_APPICON_NAME = AppIcon;
				INFOPLIST_FILE = realTableView/Info.plist;
				LD_RUNPATH_SEARCH_PATHS = "$(inherited) @executable_path/Frameworks";
				PRODUCT_NAME = "$(TARGET_NAME)";
			};
			name = Debug;
		};
		9849C08E1B73ACDE006260D4 /* Release */ = {
			isa = XCBuildConfiguration;
			buildSettings = {
				ASSETCATALOG_COMPILER_APPICON_NAME = AppIcon;
				INFOPLIST_FILE = realTableView/Info.plist;
				LD_RUNPATH_SEARCH_PATHS = "$(inherited) @executable_path/Frameworks";
				PRODUCT_NAME = "$(TARGET_NAME)";
			};
			name = Release;
		};
		9849C0901B73ACDE006260D4 /* Debug */ = {
			isa = XCBuildConfiguration;
			buildSettings = {
				BUNDLE_LOADER = "$(TEST_HOST)";
				FRAMEWORK_SEARCH_PATHS = (
					"$(SDKROOT)/Developer/Library/Frameworks",
					"$(inherited)",
				);
				GCC_PREPROCESSOR_DEFINITIONS = (
					"DEBUG=1",
					"$(inherited)",
				);
				INFOPLIST_FILE = realTableViewTests/Info.plist;
				LD_RUNPATH_SEARCH_PATHS = "$(inherited) @executable_path/Frameworks @loader_path/Frameworks";
				PRODUCT_NAME = "$(TARGET_NAME)";
				TEST_HOST = "$(BUILT_PRODUCTS_DIR)/realTableView.app/realTableView";
			};
			name = Debug;
		};
		9849C0911B73ACDE006260D4 /* Release */ = {
			isa = XCBuildConfiguration;
			buildSettings = {
				BUNDLE_LOADER = "$(TEST_HOST)";
				FRAMEWORK_SEARCH_PATHS = (
					"$(SDKROOT)/Developer/Library/Frameworks",
					"$(inherited)",
				);
				INFOPLIST_FILE = realTableViewTests/Info.plist;
				LD_RUNPATH_SEARCH_PATHS = "$(inherited) @executable_path/Frameworks @loader_path/Frameworks";
				PRODUCT_NAME = "$(TARGET_NAME)";
				TEST_HOST = "$(BUILT_PRODUCTS_DIR)/realTableView.app/realTableView";
			};
			name = Release;
		};
/* End XCBuildConfiguration section */

/* Begin XCConfigurationList section */
		9849C0641B73ACDE006260D4 /* Build configuration list for PBXProject "realTableView" */ = {
			isa = XCConfigurationList;
			buildConfigurations = (
				9849C08A1B73ACDE006260D4 /* Debug */,
				9849C08B1B73ACDE006260D4 /* Release */,
			);
			defaultConfigurationIsVisible = 0;
			defaultConfigurationName = Release;
		};
		9849C08C1B73ACDE006260D4 /* Build configuration list for PBXNativeTarget "realTableView" */ = {
			isa = XCConfigurationList;
			buildConfigurations = (
				9849C08D1B73ACDE006260D4 /* Debug */,
				9849C08E1B73ACDE006260D4 /* Release */,
			);
			defaultConfigurationIsVisible = 0;
		};
		9849C08F1B73ACDE006260D4 /* Build configuration list for PBXNativeTarget "realTableViewTests" */ = {
			isa = XCConfigurationList;
			buildConfigurations = (
				9849C0901B73ACDE006260D4 /* Debug */,
				9849C0911B73ACDE006260D4 /* Release */,
			);
			defaultConfigurationIsVisible = 0;
		};
/* End XCConfigurationList section */
	};
	rootObject = 9849C0611B73ACDE006260D4 /* Project object */;
}
